
Microsoft Visual Studio Solution File, Format Version 12.00
# Visual Studio 15
VisualStudioVersion = 15.0.27004.2002
MinimumVisualStudioVersion = 10.0.40219.1
Project("{8BC9CEB8-8B4A-11D0-8D11-00A0C91BC942}") = "GameCore", "GameCore\GameCore.vcxproj", "{8877E58D-306B-4F95-8B73-51C5F70319EF}"
EndProject
Project("{8BC9CEB8-8B4A-11D0-8D11-00A0C91BC942}") = "GUI", "GUI\GUI.vcxproj", "{A5206BFB-CBC5-4E61-948F-F258B99913BE}"
EndProject
Project("{8BC9CEB8-8B4A-11D0-8D11-00A0C91BC942}") = "NeuralNetworkTrainer", "NeuralNetworkTrainer\NeuralNetworkTrainer.vcxproj", "{26DAA805-6953-421E-9556-45507976DCDE}"
EndProject
Global
	GlobalSection(SolutionConfigurationPlatforms) = preSolution
		Debug|x64 = Debug|x64
		Debug|x86 = Debug|x86
		Release|x64 = Release|x64
		Release|x86 = Release|x86
	EndGlobalSection
	GlobalSection(ProjectConfigurationPlatforms) = postSolution
		{8877E58D-306B-4F95-8B73-51C5F70319EF}.Debug|x64.ActiveCfg = Debug|x64
		{8877E58D-306B-4F95-8B73-51C5F70319EF}.Debug|x64.Build.0 = Debug|x64
		{8877E58D-306B-4F95-8B73-51C5F70319EF}.Debug|x86.ActiveCfg = Debug|Win32
		{8877E58D-306B-4F95-8B73-51C5F70319EF}.Debug|x86.Build.0 = Debug|Win32
		{8877E58D-306B-4F95-8B73-51C5F70319EF}.Release|x64.ActiveCfg = Release|x64
		{8877E58D-306B-4F95-8B73-51C5F70319EF}.Release|x64.Build.0 = Release|x64
		{8877E58D-306B-4F95-8B73-51C5F70319EF}.Release|x86.ActiveCfg = Release|Win32
		{8877E58D-306B-4F95-8B73-51C5F70319EF}.Release|x86.Build.0 = Release|Win32
		{A5206BFB-CBC5-4E61-948F-F258B99913BE}.Debug|x64.ActiveCfg = Debug|x64
		{A5206BFB-CBC5-4E61-948F-F258B99913BE}.Debug|x64.Build.0 = Debug|x64
		{A5206BFB-CBC5-4E61-948F-F258B99913BE}.Debug|x86.ActiveCfg = Debug|x64
		{A5206BFB-CBC5-4E61-948F-F258B99913BE}.Release|x64.ActiveCfg = Release|x64
		{A5206BFB-CBC5-4E61-948F-F258B99913BE}.Release|x64.Build.0 = Release|x64
		{A5206BFB-CBC5-4E61-948F-F258B99913BE}.Release|x86.ActiveCfg = Release|x64
		{26DAA805-6953-421E-9556-45507976DCDE}.Debug|x64.ActiveCfg = Debug|x64
		{26DAA805-6953-421E-9556-45507976DCDE}.Debug|x64.Build.0 = Debug|x64
		{26DAA805-6953-421E-9556-45507976DCDE}.Debug|x86.ActiveCfg = Debug|Win32
		{26DAA805-6953-421E-9556-45507976DCDE}.Debug|x86.Build.0 = Debug|Win32
		{26DAA805-6953-421E-9556-45507976DCDE}.Release|x64.ActiveCfg = Release|x64
		{26DAA805-6953-421E-9556-45507976DCDE}.Release|x64.Build.0 = Release|x64
		{26DAA805-6953-421E-9556-45507976DCDE}.Release|x86.ActiveCfg = Release|Win32
		{26DAA805-6953-421E-9556-45507976DCDE}.Release|x86.Build.0 = Release|Win32
	EndGlobalSection
	GlobalSection(SolutionProperties) = preSolution
		HideSolutionNode = FALSE
	EndGlobalSection
	GlobalSection(ExtensibilityGlobals) = postSolution
		SolutionGuid = {6C2C650B-8F22-4631-A290-841957858D74}
	EndGlobalSection
EndGlobal
